
Microsoft Visual Studio Solution File, Format Version 12.00
# Visual Studio 15
VisualStudioVersion = 15.0.26730.12
MinimumVisualStudioVersion = 10.0.40219.1
Project("{FAE04EC0-301F-11D3-BF4B-00C04F79EFBC}") = "test2", "test2\test2.csproj", "{AFF15F62-F27C-44D7-91D5-26AE2AA445CD}"
EndProject
Global
	GlobalSection(SolutionConfigurationPlatforms) = preSolution
		Debug|Any CPU = Debug|Any CPU
		Release|Any CPU = Release|Any CPU
	EndGlobalSection
	GlobalSection(ProjectConfigurationPlatforms) = postSolution
		{AFF15F62-F27C-44D7-91D5-26AE2AA445CD}.Debug|Any CPU.ActiveCfg = Debug|Any CPU
		{AFF15F62-F27C-44D7-91D5-26AE2AA445CD}.Debug|Any CPU.Build.0 = Debug|Any CPU
		{AFF15F62-F27C-44D7-91D5-26AE2AA445CD}.Release|Any CPU.ActiveCfg = Release|Any CPU
		{AFF15F62-F27C-44D7-91D5-26AE2AA445CD}.Release|Any CPU.Build.0 = Release|Any CPU
	EndGlobalSection
	GlobalSection(SolutionProperties) = preSolution
		HideSolutionNode = FALSE
	EndGlobalSection
	GlobalSection(ExtensibilityGlobals) = postSolution
		SolutionGuid = {D817D5DF-51AD-4302-B886-944E693A86D8}
	EndGlobalSection
EndGlobal
